
Microsoft Visual Studio Solution File, Format Version 12.00
# Visual Studio 15
VisualStudioVersion = 15.0.27205.0
MinimumVisualStudioVersion = 10.0.40219.1
Project("{FAE04EC0-301F-11D3-BF4B-00C04F79EFBC}") = "Mono.C5-net_4_5", "class\Mono.C5\Mono.C5-net_4_5.csproj", "{4A54C7EC-01F3-4C6E-9181-84F178FD0F97}"
EndProject
Project("{FAE04EC0-301F-11D3-BF4B-00C04F79EFBC}") = "Mono.Cairo-net_4_5", "class\Mono.Cairo\Mono.Cairo-net_4_5.csproj", "{C07C4C90-8F45-49A8-8F22-919577916756}"
EndProject
Project("{FAE04EC0-301F-11D3-BF4B-00C04F79EFBC}") = "Mono.CSharp", "class\Mono.CSharp\Mono.CSharp.csproj", "{817CE046-07E8-409D-84BF-A6EA4F2879DE}"
EndProject
Project("{FAE04EC0-301F-11D3-BF4B-00C04F79EFBC}") = "Mono.Cecil-net_4_5", "class\Mono.Cecil\Mono.Cecil-net_4_5.csproj", "{F6DD456E-ADE4-419D-997F-41ECA0CE79F7}"
EndProject
Project("{FAE04EC0-301F-11D3-BF4B-00C04F79EFBC}") = "Mono.WebBrowser-net_4_5", "class\Mono.WebBrowser\Mono.WebBrowser-net_4_5.csproj", "{1D660912-8164-4499-A2D7-A3B2FE742E17}"
EndProject
Project("{FAE04EC0-301F-11D3-BF4B-00C04F79EFBC}") = "System-net_4_5", "class\System\System-net_4_5.csproj", "{FFAC0B73-D997-493B-9C62-27656CD858BB}"
EndProject
Project("{FAE04EC0-301F-11D3-BF4B-00C04F79EFBC}") = "System.Data-net_4_5", "class\System.Data\System.Data-net_4_5.csproj", "{9A33954F-57A8-4D75-B1D8-0F81808A0DD4}"
EndProject
Project("{FAE04EC0-301F-11D3-BF4B-00C04F79EFBC}") = "System.ComponentModel.DataAnnotations-net_4_5", "class\System.ComponentModel.DataAnnotations\System.ComponentModel.DataAnnotations-net_4_5.csproj", "{63EC4158-FFAC-4867-8003-CF6054C8DF0B}"
EndProject
Project("{2150E333-8FDC-42A3-9474-1A3956D46DE8}") = "xwt", "xwt", "{E3849613-A93F-40AD-978F-DEC2D8ECB1BC}"
EndProject
Project("{FAE04EC0-301F-11D3-BF4B-00C04F79EFBC}") = "System.Windows-net_4_5", "class\System.Windows\System.Windows-net_4_5.csproj", "{050D4277-82D2-4544-A929-EDCBEA5FD69D}"
EndProject
Project("{FAE04EC0-301F-11D3-BF4B-00C04F79EFBC}") = "Xwt", "class\xwt\Xwt\Xwt.csproj", "{92494904-35FA-4DC9-BDE9-3A3E87AC49D3}"
EndProject
Project("{FAE04EC0-301F-11D3-BF4B-00C04F79EFBC}") = "Xwt.Gtk.Windows", "class\xwt\Xwt.Gtk.Windows\Xwt.Gtk.Windows.csproj", "{252117CA-0ABB-4F36-BFC8-DE23A8089BB9}"
EndProject
Project("{FAE04EC0-301F-11D3-BF4B-00C04F79EFBC}") = "Xwt.Gtk.Mac", "class\xwt\Xwt.Gtk.Mac\Xwt.Gtk.Mac.csproj", "{E95833C9-90AA-4366-9262-0A1BED148249}"
EndProject
Project("{FAE04EC0-301F-11D3-BF4B-00C04F79EFBC}") = "Xwt.WPF", "class\xwt\Xwt.WPF\Xwt.WPF.csproj", "{C93D746E-1586-4D4F-B411-BF5A966E6A08}"
EndProject
Project("{FAE04EC0-301F-11D3-BF4B-00C04F79EFBC}") = "Gtk3Test", "class\xwt\TestApps\Gtk3Test\Gtk3Test.csproj", "{22524E1F-A94D-4204-AD90-A5FFE73970EC}"
EndProject
Project("{FAE04EC0-301F-11D3-BF4B-00C04F79EFBC}") = "Samples", "class\xwt\TestApps\Samples\Samples.csproj", "{88C04B85-B69B-47B4-AB9F-64F6DD4E0897}"
EndProject
Project("{FAE04EC0-301F-11D3-BF4B-00C04F79EFBC}") = "Xwt.XamMac", "class\xwt\Xwt.XamMac\Xwt.XamMac.csproj", "{B7C1673E-5124-4BE5-8D21-EC8B12F85B6B}"
EndProject
Project("{FAE04EC0-301F-11D3-BF4B-00C04F79EFBC}") = "Xwt.Gtk", "class\xwt\Xwt.Gtk\Xwt.Gtk.csproj", "{C3887A93-B2BD-4097-8E2F-3A063EFF32FD}"
EndProject
Project("{FAE04EC0-301F-11D3-BF4B-00C04F79EFBC}") = "corlib-net_4_5", "class\corlib\corlib-net_4_5.csproj", "{2CA6026B-2DC8-4C4C-A12C-1E8234049DB7}"
EndProject
Project("{FAE04EC0-301F-11D3-BF4B-00C04F79EFBC}") = "Mono.Security-net_4_5", "class\Mono.Security\Mono.Security-net_4_5.csproj", "{42D59DE7-586F-4ACF-BDD5-E7869E39E3EF}"
EndProject
Project("{FAE04EC0-301F-11D3-BF4B-00C04F79EFBC}") = "System-bare-net_4_5", "class\System\System-bare-net_4_5.csproj", "{91CDF14E-F60F-4AB7-BC9D-5CBD7E669076}"
EndProject
Project("{2150E333-8FDC-42A3-9474-1A3956D46DE8}") = "mono", "mono", "{A9D83B6D-79ED-4DD0-A069-9BC1D9AFB6ED}"
	ProjectSection(SolutionItems) = preProject
		class\corert\System.Private.Interop\src\System.Private.Interop.csproj = class\corert\System.Private.Interop\src\System.Private.Interop.csproj
	EndProjectSection
EndProject
Project("{FAE04EC0-301F-11D3-BF4B-00C04F79EFBC}") = "System.Configuration-net_4_5", "class\System.Configuration\System.Configuration-net_4_5.csproj", "{D5CDC09C-F19A-4811-A6C8-70F51CBFB644}"
EndProject
Project("{FAE04EC0-301F-11D3-BF4B-00C04F79EFBC}") = "System.Core-net_4_5", "class\System.Core\System.Core-net_4_5.csproj", "{359142A1-D80F-401E-AA64-7167C9317649}"
EndProject
Project("{FAE04EC0-301F-11D3-BF4B-00C04F79EFBC}") = "System.Xml-net_4_5", "class\System.XML\System.Xml-net_4_5.csproj", "{87FD2F0F-5222-4AE6-BD63-2D4975E11E5B}"
EndProject
Project("{FAE04EC0-301F-11D3-BF4B-00C04F79EFBC}") = "Mono.Parallel-net_4_x", "class\Mono.Parallel\Mono.Parallel-net_4_x.csproj", "{18E55AE4-6B9B-44EF-94C9-1084D5472E63}"
EndProject
Project("{FAE04EC0-301F-11D3-BF4B-00C04F79EFBC}") = "Mono.Posix-net_4_5", "class\Mono.Posix\Mono.Posix-net_4_5.csproj", "{66DBB049-785B-4C2E-9EF6-C9E163F7DDD1}"
EndProject
Global
	GlobalSection(SolutionConfigurationPlatforms) = preSolution
		Debug|Any CPU = Debug|Any CPU
		Debug|x86 = Debug|x86
		Release|Any CPU = Release|Any CPU
		Release|x86 = Release|x86
	EndGlobalSection
	GlobalSection(ProjectConfigurationPlatforms) = postSolution
		{4A54C7EC-01F3-4C6E-9181-84F178FD0F97}.Debug|Any CPU.ActiveCfg = Debug|Any CPU
		{4A54C7EC-01F3-4C6E-9181-84F178FD0F97}.Debug|Any CPU.Build.0 = Debug|Any CPU
		{4A54C7EC-01F3-4C6E-9181-84F178FD0F97}.Debug|x86.ActiveCfg = Debug|Any CPU
		{4A54C7EC-01F3-4C6E-9181-84F178FD0F97}.Debug|x86.Build.0 = Debug|Any CPU
		{4A54C7EC-01F3-4C6E-9181-84F178FD0F97}.Release|Any CPU.ActiveCfg = Release|Any CPU
		{4A54C7EC-01F3-4C6E-9181-84F178FD0F97}.Release|Any CPU.Build.0 = Release|Any CPU
		{4A54C7EC-01F3-4C6E-9181-84F178FD0F97}.Release|x86.ActiveCfg = Release|Any CPU
		{4A54C7EC-01F3-4C6E-9181-84F178FD0F97}.Release|x86.Build.0 = Release|Any CPU
		{C07C4C90-8F45-49A8-8F22-919577916756}.Debug|Any CPU.ActiveCfg = Debug|Any CPU
		{C07C4C90-8F45-49A8-8F22-919577916756}.Debug|Any CPU.Build.0 = Debug|Any CPU
		{C07C4C90-8F45-49A8-8F22-919577916756}.Debug|x86.ActiveCfg = Debug|Any CPU
		{C07C4C90-8F45-49A8-8F22-919577916756}.Debug|x86.Build.0 = Debug|Any CPU
		{C07C4C90-8F45-49A8-8F22-919577916756}.Release|Any CPU.ActiveCfg = Release|Any CPU
		{C07C4C90-8F45-49A8-8F22-919577916756}.Release|Any CPU.Build.0 = Release|Any CPU
		{C07C4C90-8F45-49A8-8F22-919577916756}.Release|x86.ActiveCfg = Release|Any CPU
		{C07C4C90-8F45-49A8-8F22-919577916756}.Release|x86.Build.0 = Release|Any CPU
		{817CE046-07E8-409D-84BF-A6EA4F2879DE}.Debug|Any CPU.ActiveCfg = Debug|Any CPU
		{817CE046-07E8-409D-84BF-A6EA4F2879DE}.Debug|Any CPU.Build.0 = Debug|Any CPU
		{817CE046-07E8-409D-84BF-A6EA4F2879DE}.Debug|x86.ActiveCfg = Debug|Any CPU
		{817CE046-07E8-409D-84BF-A6EA4F2879DE}.Debug|x86.Build.0 = Debug|Any CPU
		{817CE046-07E8-409D-84BF-A6EA4F2879DE}.Release|Any CPU.ActiveCfg = Release|Any CPU
		{817CE046-07E8-409D-84BF-A6EA4F2879DE}.Release|Any CPU.Build.0 = Release|Any CPU
		{817CE046-07E8-409D-84BF-A6EA4F2879DE}.Release|x86.ActiveCfg = Release|Any CPU
		{817CE046-07E8-409D-84BF-A6EA4F2879DE}.Release|x86.Build.0 = Release|Any CPU
		{F6DD456E-ADE4-419D-997F-41ECA0CE79F7}.Debug|Any CPU.ActiveCfg = Debug|Any CPU
		{F6DD456E-ADE4-419D-997F-41ECA0CE79F7}.Debug|Any CPU.Build.0 = Debug|Any CPU
		{F6DD456E-ADE4-419D-997F-41ECA0CE79F7}.Debug|x86.ActiveCfg = Debug|Any CPU
		{F6DD456E-ADE4-419D-997F-41ECA0CE79F7}.Debug|x86.Build.0 = Debug|Any CPU
		{F6DD456E-ADE4-419D-997F-41ECA0CE79F7}.Release|Any CPU.ActiveCfg = Release|Any CPU
		{F6DD456E-ADE4-419D-997F-41ECA0CE79F7}.Release|Any CPU.Build.0 = Release|Any CPU
		{F6DD456E-ADE4-419D-997F-41ECA0CE79F7}.Release|x86.ActiveCfg = Release|Any CPU
		{F6DD456E-ADE4-419D-997F-41ECA0CE79F7}.Release|x86.Build.0 = Release|Any CPU
		{1D660912-8164-4499-A2D7-A3B2FE742E17}.Debug|Any CPU.ActiveCfg = Debug|Any CPU
		{1D660912-8164-4499-A2D7-A3B2FE742E17}.Debug|Any CPU.Build.0 = Debug|Any CPU
		{1D660912-8164-4499-A2D7-A3B2FE742E17}.Debug|x86.ActiveCfg = Debug|Any CPU
		{1D660912-8164-4499-A2D7-A3B2FE742E17}.Debug|x86.Build.0 = Debug|Any CPU
		{1D660912-8164-4499-A2D7-A3B2FE742E17}.Release|Any CPU.ActiveCfg = Release|Any CPU
		{1D660912-8164-4499-A2D7-A3B2FE742E17}.Release|Any CPU.Build.0 = Release|Any CPU
		{1D660912-8164-4499-A2D7-A3B2FE742E17}.Release|x86.ActiveCfg = Release|Any CPU
		{1D660912-8164-4499-A2D7-A3B2FE742E17}.Release|x86.Build.0 = Release|Any CPU
		{FFAC0B73-D997-493B-9C62-27656CD858BB}.Debug|Any CPU.ActiveCfg = Debug|Any CPU
		{FFAC0B73-D997-493B-9C62-27656CD858BB}.Debug|Any CPU.Build.0 = Debug|Any CPU
		{FFAC0B73-D997-493B-9C62-27656CD858BB}.Debug|x86.ActiveCfg = Debug|Any CPU
		{FFAC0B73-D997-493B-9C62-27656CD858BB}.Debug|x86.Build.0 = Debug|Any CPU
		{FFAC0B73-D997-493B-9C62-27656CD858BB}.Release|Any CPU.ActiveCfg = Release|Any CPU
		{FFAC0B73-D997-493B-9C62-27656CD858BB}.Release|Any CPU.Build.0 = Release|Any CPU
		{FFAC0B73-D997-493B-9C62-27656CD858BB}.Release|x86.ActiveCfg = Release|Any CPU
		{FFAC0B73-D997-493B-9C62-27656CD858BB}.Release|x86.Build.0 = Release|Any CPU
		{9A33954F-57A8-4D75-B1D8-0F81808A0DD4}.Debug|Any CPU.ActiveCfg = Debug|Any CPU
		{9A33954F-57A8-4D75-B1D8-0F81808A0DD4}.Debug|Any CPU.Build.0 = Debug|Any CPU
		{9A33954F-57A8-4D75-B1D8-0F81808A0DD4}.Debug|x86.ActiveCfg = Debug|Any CPU
		{9A33954F-57A8-4D75-B1D8-0F81808A0DD4}.Debug|x86.Build.0 = Debug|Any CPU
		{9A33954F-57A8-4D75-B1D8-0F81808A0DD4}.Release|Any CPU.ActiveCfg = Release|Any CPU
		{9A33954F-57A8-4D75-B1D8-0F81808A0DD4}.Release|Any CPU.Build.0 = Release|Any CPU
		{9A33954F-57A8-4D75-B1D8-0F81808A0DD4}.Release|x86.ActiveCfg = Release|Any CPU
		{9A33954F-57A8-4D75-B1D8-0F81808A0DD4}.Release|x86.Build.0 = Release|Any CPU
		{63EC4158-FFAC-4867-8003-CF6054C8DF0B}.Debug|Any CPU.ActiveCfg = Debug|Any CPU
		{63EC4158-FFAC-4867-8003-CF6054C8DF0B}.Debug|Any CPU.Build.0 = Debug|Any CPU
		{63EC4158-FFAC-4867-8003-CF6054C8DF0B}.Debug|x86.ActiveCfg = Debug|Any CPU
		{63EC4158-FFAC-4867-8003-CF6054C8DF0B}.Debug|x86.Build.0 = Debug|Any CPU
		{63EC4158-FFAC-4867-8003-CF6054C8DF0B}.Release|Any CPU.ActiveCfg = Release|Any CPU
		{63EC4158-FFAC-4867-8003-CF6054C8DF0B}.Release|Any CPU.Build.0 = Release|Any CPU
		{63EC4158-FFAC-4867-8003-CF6054C8DF0B}.Release|x86.ActiveCfg = Release|Any CPU
		{63EC4158-FFAC-4867-8003-CF6054C8DF0B}.Release|x86.Build.0 = Release|Any CPU
		{050D4277-82D2-4544-A929-EDCBEA5FD69D}.Debug|Any CPU.ActiveCfg = Debug|Any CPU
		{050D4277-82D2-4544-A929-EDCBEA5FD69D}.Debug|Any CPU.Build.0 = Debug|Any CPU
		{050D4277-82D2-4544-A929-EDCBEA5FD69D}.Debug|x86.ActiveCfg = Debug|Any CPU
		{050D4277-82D2-4544-A929-EDCBEA5FD69D}.Debug|x86.Build.0 = Debug|Any CPU
		{050D4277-82D2-4544-A929-EDCBEA5FD69D}.Release|Any CPU.ActiveCfg = Release|Any CPU
		{050D4277-82D2-4544-A929-EDCBEA5FD69D}.Release|Any CPU.Build.0 = Release|Any CPU
		{050D4277-82D2-4544-A929-EDCBEA5FD69D}.Release|x86.ActiveCfg = Release|Any CPU
		{050D4277-82D2-4544-A929-EDCBEA5FD69D}.Release|x86.Build.0 = Release|Any CPU
		{92494904-35FA-4DC9-BDE9-3A3E87AC49D3}.Debug|Any CPU.ActiveCfg = Debug|Any CPU
		{92494904-35FA-4DC9-BDE9-3A3E87AC49D3}.Debug|Any CPU.Build.0 = Debug|Any CPU
		{92494904-35FA-4DC9-BDE9-3A3E87AC49D3}.Debug|x86.ActiveCfg = Debug|Any CPU
		{92494904-35FA-4DC9-BDE9-3A3E87AC49D3}.Debug|x86.Build.0 = Debug|Any CPU
		{92494904-35FA-4DC9-BDE9-3A3E87AC49D3}.Release|Any CPU.ActiveCfg = Release|Any CPU
		{92494904-35FA-4DC9-BDE9-3A3E87AC49D3}.Release|Any CPU.Build.0 = Release|Any CPU
		{92494904-35FA-4DC9-BDE9-3A3E87AC49D3}.Release|x86.ActiveCfg = Release|Any CPU
		{92494904-35FA-4DC9-BDE9-3A3E87AC49D3}.Release|x86.Build.0 = Release|Any CPU
		{252117CA-0ABB-4F36-BFC8-DE23A8089BB9}.Debug|Any CPU.ActiveCfg = Debug|Any CPU
		{252117CA-0ABB-4F36-BFC8-DE23A8089BB9}.Debug|Any CPU.Build.0 = Debug|Any CPU
		{252117CA-0ABB-4F36-BFC8-DE23A8089BB9}.Debug|x86.ActiveCfg = Debug|Any CPU
		{252117CA-0ABB-4F36-BFC8-DE23A8089BB9}.Debug|x86.Build.0 = Debug|Any CPU
		{252117CA-0ABB-4F36-BFC8-DE23A8089BB9}.Release|Any CPU.ActiveCfg = Release|Any CPU
		{252117CA-0ABB-4F36-BFC8-DE23A8089BB9}.Release|Any CPU.Build.0 = Release|Any CPU
		{252117CA-0ABB-4F36-BFC8-DE23A8089BB9}.Release|x86.ActiveCfg = Release|Any CPU
		{252117CA-0ABB-4F36-BFC8-DE23A8089BB9}.Release|x86.Build.0 = Release|Any CPU
		{E95833C9-90AA-4366-9262-0A1BED148249}.Debug|Any CPU.ActiveCfg = Debug|Any CPU
		{E95833C9-90AA-4366-9262-0A1BED148249}.Debug|Any CPU.Build.0 = Debug|Any CPU
		{E95833C9-90AA-4366-9262-0A1BED148249}.Debug|x86.ActiveCfg = Debug|Any CPU
		{E95833C9-90AA-4366-9262-0A1BED148249}.Debug|x86.Build.0 = Debug|Any CPU
		{E95833C9-90AA-4366-9262-0A1BED148249}.Release|Any CPU.ActiveCfg = Release|Any CPU
		{E95833C9-90AA-4366-9262-0A1BED148249}.Release|Any CPU.Build.0 = Release|Any CPU
		{E95833C9-90AA-4366-9262-0A1BED148249}.Release|x86.ActiveCfg = Release|Any CPU
		{E95833C9-90AA-4366-9262-0A1BED148249}.Release|x86.Build.0 = Release|Any CPU
		{C93D746E-1586-4D4F-B411-BF5A966E6A08}.Debug|Any CPU.ActiveCfg = Debug|Any CPU
		{C93D746E-1586-4D4F-B411-BF5A966E6A08}.Debug|Any CPU.Build.0 = Debug|Any CPU
		{C93D746E-1586-4D4F-B411-BF5A966E6A08}.Debug|x86.ActiveCfg = Debug|Any CPU
		{C93D746E-1586-4D4F-B411-BF5A966E6A08}.Debug|x86.Build.0 = Debug|Any CPU
		{C93D746E-1586-4D4F-B411-BF5A966E6A08}.Release|Any CPU.ActiveCfg = Release|Any CPU
		{C93D746E-1586-4D4F-B411-BF5A966E6A08}.Release|Any CPU.Build.0 = Release|Any CPU
		{C93D746E-1586-4D4F-B411-BF5A966E6A08}.Release|x86.ActiveCfg = Release|Any CPU
		{C93D746E-1586-4D4F-B411-BF5A966E6A08}.Release|x86.Build.0 = Release|Any CPU
		{22524E1F-A94D-4204-AD90-A5FFE73970EC}.Debug|Any CPU.ActiveCfg = Debug|Any CPU
		{22524E1F-A94D-4204-AD90-A5FFE73970EC}.Debug|Any CPU.Build.0 = Debug|Any CPU
		{22524E1F-A94D-4204-AD90-A5FFE73970EC}.Debug|x86.ActiveCfg = Debug|x86
		{22524E1F-A94D-4204-AD90-A5FFE73970EC}.Debug|x86.Build.0 = Debug|x86
		{22524E1F-A94D-4204-AD90-A5FFE73970EC}.Release|Any CPU.ActiveCfg = Release|Any CPU
		{22524E1F-A94D-4204-AD90-A5FFE73970EC}.Release|Any CPU.Build.0 = Release|Any CPU
		{22524E1F-A94D-4204-AD90-A5FFE73970EC}.Release|x86.ActiveCfg = Release|x86
		{22524E1F-A94D-4204-AD90-A5FFE73970EC}.Release|x86.Build.0 = Release|x86
		{88C04B85-B69B-47B4-AB9F-64F6DD4E0897}.Debug|Any CPU.ActiveCfg = Debug|Any CPU
		{88C04B85-B69B-47B4-AB9F-64F6DD4E0897}.Debug|Any CPU.Build.0 = Debug|Any CPU
		{88C04B85-B69B-47B4-AB9F-64F6DD4E0897}.Debug|x86.ActiveCfg = Debug|Any CPU
		{88C04B85-B69B-47B4-AB9F-64F6DD4E0897}.Debug|x86.Build.0 = Debug|Any CPU
		{88C04B85-B69B-47B4-AB9F-64F6DD4E0897}.Release|Any CPU.ActiveCfg = Release|Any CPU
		{88C04B85-B69B-47B4-AB9F-64F6DD4E0897}.Release|Any CPU.Build.0 = Release|Any CPU
		{88C04B85-B69B-47B4-AB9F-64F6DD4E0897}.Release|x86.ActiveCfg = Release|Any CPU
		{88C04B85-B69B-47B4-AB9F-64F6DD4E0897}.Release|x86.Build.0 = Release|Any CPU
		{B7C1673E-5124-4BE5-8D21-EC8B12F85B6B}.Debug|Any CPU.ActiveCfg = Debug|Any CPU
		{B7C1673E-5124-4BE5-8D21-EC8B12F85B6B}.Debug|Any CPU.Build.0 = Debug|Any CPU
		{B7C1673E-5124-4BE5-8D21-EC8B12F85B6B}.Debug|x86.ActiveCfg = Debug|Any CPU
		{B7C1673E-5124-4BE5-8D21-EC8B12F85B6B}.Debug|x86.Build.0 = Debug|Any CPU
		{B7C1673E-5124-4BE5-8D21-EC8B12F85B6B}.Release|Any CPU.ActiveCfg = Release|Any CPU
		{B7C1673E-5124-4BE5-8D21-EC8B12F85B6B}.Release|Any CPU.Build.0 = Release|Any CPU
		{B7C1673E-5124-4BE5-8D21-EC8B12F85B6B}.Release|x86.ActiveCfg = Release|Any CPU
		{B7C1673E-5124-4BE5-8D21-EC8B12F85B6B}.Release|x86.Build.0 = Release|Any CPU
		{C3887A93-B2BD-4097-8E2F-3A063EFF32FD}.Debug|Any CPU.ActiveCfg = Debug|Any CPU
		{C3887A93-B2BD-4097-8E2F-3A063EFF32FD}.Debug|Any CPU.Build.0 = Debug|Any CPU
		{C3887A93-B2BD-4097-8E2F-3A063EFF32FD}.Debug|x86.ActiveCfg = Debug|Any CPU
		{C3887A93-B2BD-4097-8E2F-3A063EFF32FD}.Debug|x86.Build.0 = Debug|Any CPU
		{C3887A93-B2BD-4097-8E2F-3A063EFF32FD}.Release|Any CPU.ActiveCfg = Release|Any CPU
		{C3887A93-B2BD-4097-8E2F-3A063EFF32FD}.Release|Any CPU.Build.0 = Release|Any CPU
		{C3887A93-B2BD-4097-8E2F-3A063EFF32FD}.Release|x86.ActiveCfg = Release|Any CPU
		{C3887A93-B2BD-4097-8E2F-3A063EFF32FD}.Release|x86.Build.0 = Release|Any CPU
		{2CA6026B-2DC8-4C4C-A12C-1E8234049DB7}.Debug|Any CPU.ActiveCfg = Debug|Any CPU
		{2CA6026B-2DC8-4C4C-A12C-1E8234049DB7}.Debug|Any CPU.Build.0 = Debug|Any CPU
		{2CA6026B-2DC8-4C4C-A12C-1E8234049DB7}.Debug|x86.ActiveCfg = Debug|Any CPU
		{2CA6026B-2DC8-4C4C-A12C-1E8234049DB7}.Debug|x86.Build.0 = Debug|Any CPU
		{2CA6026B-2DC8-4C4C-A12C-1E8234049DB7}.Release|Any CPU.ActiveCfg = Release|Any CPU
		{2CA6026B-2DC8-4C4C-A12C-1E8234049DB7}.Release|Any CPU.Build.0 = Release|Any CPU
		{2CA6026B-2DC8-4C4C-A12C-1E8234049DB7}.Release|x86.ActiveCfg = Release|Any CPU
		{2CA6026B-2DC8-4C4C-A12C-1E8234049DB7}.Release|x86.Build.0 = Release|Any CPU
		{42D59DE7-586F-4ACF-BDD5-E7869E39E3EF}.Debug|Any CPU.ActiveCfg = Debug|Any CPU
		{42D59DE7-586F-4ACF-BDD5-E7869E39E3EF}.Debug|Any CPU.Build.0 = Debug|Any CPU
		{42D59DE7-586F-4ACF-BDD5-E7869E39E3EF}.Debug|x86.ActiveCfg = Debug|Any CPU
		{42D59DE7-586F-4ACF-BDD5-E7869E39E3EF}.Debug|x86.Build.0 = Debug|Any CPU
		{42D59DE7-586F-4ACF-BDD5-E7869E39E3EF}.Release|Any CPU.ActiveCfg = Release|Any CPU
		{42D59DE7-586F-4ACF-BDD5-E7869E39E3EF}.Release|Any CPU.Build.0 = Release|Any CPU
		{42D59DE7-586F-4ACF-BDD5-E7869E39E3EF}.Release|x86.ActiveCfg = Release|Any CPU
		{42D59DE7-586F-4ACF-BDD5-E7869E39E3EF}.Release|x86.Build.0 = Release|Any CPU
		{91CDF14E-F60F-4AB7-BC9D-5CBD7E669076}.Debug|Any CPU.ActiveCfg = Debug|Any CPU
		{91CDF14E-F60F-4AB7-BC9D-5CBD7E669076}.Debug|Any CPU.Build.0 = Debug|Any CPU
		{91CDF14E-F60F-4AB7-BC9D-5CBD7E669076}.Debug|x86.ActiveCfg = Debug|Any CPU
		{91CDF14E-F60F-4AB7-BC9D-5CBD7E669076}.Debug|x86.Build.0 = Debug|Any CPU
		{91CDF14E-F60F-4AB7-BC9D-5CBD7E669076}.Release|Any CPU.ActiveCfg = Release|Any CPU
		{91CDF14E-F60F-4AB7-BC9D-5CBD7E669076}.Release|Any CPU.Build.0 = Release|Any CPU
		{91CDF14E-F60F-4AB7-BC9D-5CBD7E669076}.Release|x86.ActiveCfg = Release|Any CPU
		{91CDF14E-F60F-4AB7-BC9D-5CBD7E669076}.Release|x86.Build.0 = Release|Any CPU
		{D5CDC09C-F19A-4811-A6C8-70F51CBFB644}.Debug|Any CPU.ActiveCfg = Debug|Any CPU
		{D5CDC09C-F19A-4811-A6C8-70F51CBFB644}.Debug|Any CPU.Build.0 = Debug|Any CPU
		{D5CDC09C-F19A-4811-A6C8-70F51CBFB644}.Debug|x86.ActiveCfg = Debug|Any CPU
		{D5CDC09C-F19A-4811-A6C8-70F51CBFB644}.Debug|x86.Build.0 = Debug|Any CPU
		{D5CDC09C-F19A-4811-A6C8-70F51CBFB644}.Release|Any CPU.ActiveCfg = Release|Any CPU
		{D5CDC09C-F19A-4811-A6C8-70F51CBFB644}.Release|Any CPU.Build.0 = Release|Any CPU
		{D5CDC09C-F19A-4811-A6C8-70F51CBFB644}.Release|x86.ActiveCfg = Release|Any CPU
		{D5CDC09C-F19A-4811-A6C8-70F51CBFB644}.Release|x86.Build.0 = Release|Any CPU
		{359142A1-D80F-401E-AA64-7167C9317649}.Debug|Any CPU.ActiveCfg = Debug|Any CPU
		{359142A1-D80F-401E-AA64-7167C9317649}.Debug|Any CPU.Build.0 = Debug|Any CPU
		{359142A1-D80F-401E-AA64-7167C9317649}.Debug|x86.ActiveCfg = Debug|Any CPU
		{359142A1-D80F-401E-AA64-7167C9317649}.Debug|x86.Build.0 = Debug|Any CPU
		{359142A1-D80F-401E-AA64-7167C9317649}.Release|Any CPU.ActiveCfg = Release|Any CPU
		{359142A1-D80F-401E-AA64-7167C9317649}.Release|Any CPU.Build.0 = Release|Any CPU
		{359142A1-D80F-401E-AA64-7167C9317649}.Release|x86.ActiveCfg = Release|Any CPU
		{359142A1-D80F-401E-AA64-7167C9317649}.Release|x86.Build.0 = Release|Any CPU
		{87FD2F0F-5222-4AE6-BD63-2D4975E11E5B}.Debug|Any CPU.ActiveCfg = Debug|Any CPU
		{87FD2F0F-5222-4AE6-BD63-2D4975E11E5B}.Debug|Any CPU.Build.0 = Debug|Any CPU
		{87FD2F0F-5222-4AE6-BD63-2D4975E11E5B}.Debug|x86.ActiveCfg = Debug|Any CPU
		{87FD2F0F-5222-4AE6-BD63-2D4975E11E5B}.Debug|x86.Build.0 = Debug|Any CPU
		{87FD2F0F-5222-4AE6-BD63-2D4975E11E5B}.Release|Any CPU.ActiveCfg = Release|Any CPU
		{87FD2F0F-5222-4AE6-BD63-2D4975E11E5B}.Release|Any CPU.Build.0 = Release|Any CPU
		{87FD2F0F-5222-4AE6-BD63-2D4975E11E5B}.Release|x86.ActiveCfg = Release|Any CPU
		{87FD2F0F-5222-4AE6-BD63-2D4975E11E5B}.Release|x86.Build.0 = Release|Any CPU
		{18E55AE4-6B9B-44EF-94C9-1084D5472E63}.Debug|Any CPU.ActiveCfg = Debug|Any CPU
		{18E55AE4-6B9B-44EF-94C9-1084D5472E63}.Debug|Any CPU.Build.0 = Debug|Any CPU
		{18E55AE4-6B9B-44EF-94C9-1084D5472E63}.Debug|x86.ActiveCfg = Debug|Any CPU
		{18E55AE4-6B9B-44EF-94C9-1084D5472E63}.Debug|x86.Build.0 = Debug|Any CPU
		{18E55AE4-6B9B-44EF-94C9-1084D5472E63}.Release|Any CPU.ActiveCfg = Release|Any CPU
		{18E55AE4-6B9B-44EF-94C9-1084D5472E63}.Release|Any CPU.Build.0 = Release|Any CPU
		{18E55AE4-6B9B-44EF-94C9-1084D5472E63}.Release|x86.ActiveCfg = Release|Any CPU
		{18E55AE4-6B9B-44EF-94C9-1084D5472E63}.Release|x86.Build.0 = Release|Any CPU
		{66DBB049-785B-4C2E-9EF6-C9E163F7DDD1}.Debug|Any CPU.ActiveCfg = Debug|Any CPU
		{66DBB049-785B-4C2E-9EF6-C9E163F7DDD1}.Debug|Any CPU.Build.0 = Debug|Any CPU
		{66DBB049-785B-4C2E-9EF6-C9E163F7DDD1}.Debug|x86.ActiveCfg = Debug|Any CPU
		{66DBB049-785B-4C2E-9EF6-C9E163F7DDD1}.Debug|x86.Build.0 = Debug|Any CPU
		{66DBB049-785B-4C2E-9EF6-C9E163F7DDD1}.Release|Any CPU.ActiveCfg = Release|Any CPU
		{66DBB049-785B-4C2E-9EF6-C9E163F7DDD1}.Release|Any CPU.Build.0 = Release|Any CPU
		{66DBB049-785B-4C2E-9EF6-C9E163F7DDD1}.Release|x86.ActiveCfg = Release|Any CPU
		{66DBB049-785B-4C2E-9EF6-C9E163F7DDD1}.Release|x86.Build.0 = Release|Any CPU
	EndGlobalSection
	GlobalSection(SolutionProperties) = preSolution
		HideSolutionNode = FALSE
	EndGlobalSection
	GlobalSection(NestedProjects) = preSolution
		{4A54C7EC-01F3-4C6E-9181-84F178FD0F97} = {A9D83B6D-79ED-4DD0-A069-9BC1D9AFB6ED}
		{C07C4C90-8F45-49A8-8F22-919577916756} = {A9D83B6D-79ED-4DD0-A069-9BC1D9AFB6ED}
		{817CE046-07E8-409D-84BF-A6EA4F2879DE} = {A9D83B6D-79ED-4DD0-A069-9BC1D9AFB6ED}
		{F6DD456E-ADE4-419D-997F-41ECA0CE79F7} = {A9D83B6D-79ED-4DD0-A069-9BC1D9AFB6ED}
		{1D660912-8164-4499-A2D7-A3B2FE742E17} = {A9D83B6D-79ED-4DD0-A069-9BC1D9AFB6ED}
		{050D4277-82D2-4544-A929-EDCBEA5FD69D} = {E3849613-A93F-40AD-978F-DEC2D8ECB1BC}
		{92494904-35FA-4DC9-BDE9-3A3E87AC49D3} = {E3849613-A93F-40AD-978F-DEC2D8ECB1BC}
		{252117CA-0ABB-4F36-BFC8-DE23A8089BB9} = {E3849613-A93F-40AD-978F-DEC2D8ECB1BC}
		{E95833C9-90AA-4366-9262-0A1BED148249} = {E3849613-A93F-40AD-978F-DEC2D8ECB1BC}
		{C93D746E-1586-4D4F-B411-BF5A966E6A08} = {E3849613-A93F-40AD-978F-DEC2D8ECB1BC}
		{22524E1F-A94D-4204-AD90-A5FFE73970EC} = {E3849613-A93F-40AD-978F-DEC2D8ECB1BC}
		{88C04B85-B69B-47B4-AB9F-64F6DD4E0897} = {E3849613-A93F-40AD-978F-DEC2D8ECB1BC}
		{B7C1673E-5124-4BE5-8D21-EC8B12F85B6B} = {E3849613-A93F-40AD-978F-DEC2D8ECB1BC}
		{C3887A93-B2BD-4097-8E2F-3A063EFF32FD} = {E3849613-A93F-40AD-978F-DEC2D8ECB1BC}
		{2CA6026B-2DC8-4C4C-A12C-1E8234049DB7} = {A9D83B6D-79ED-4DD0-A069-9BC1D9AFB6ED}
		{42D59DE7-586F-4ACF-BDD5-E7869E39E3EF} = {A9D83B6D-79ED-4DD0-A069-9BC1D9AFB6ED}
		{91CDF14E-F60F-4AB7-BC9D-5CBD7E669076} = {A9D83B6D-79ED-4DD0-A069-9BC1D9AFB6ED}
		{D5CDC09C-F19A-4811-A6C8-70F51CBFB644} = {A9D83B6D-79ED-4DD0-A069-9BC1D9AFB6ED}
		{359142A1-D80F-401E-AA64-7167C9317649} = {A9D83B6D-79ED-4DD0-A069-9BC1D9AFB6ED}
		{87FD2F0F-5222-4AE6-BD63-2D4975E11E5B} = {A9D83B6D-79ED-4DD0-A069-9BC1D9AFB6ED}
		{18E55AE4-6B9B-44EF-94C9-1084D5472E63} = {A9D83B6D-79ED-4DD0-A069-9BC1D9AFB6ED}
		{66DBB049-785B-4C2E-9EF6-C9E163F7DDD1} = {A9D83B6D-79ED-4DD0-A069-9BC1D9AFB6ED}
	EndGlobalSection
	GlobalSection(ExtensibilityGlobals) = postSolution
		SolutionGuid = {62CC3511-4CF4-4FC6-A765-58439D82165B}
	EndGlobalSection
EndGlobal
